// !$*UTF8*$!
{
	archiveVersion = 1;
	classes = {
	};
	objectVersion = 55;
	objects = {

/* Begin PBXBuildFile section */
		0A1F60D6287F2D2400951BFE /* OverlayView.swift in Sources */ = {isa = PBXBuildFile; fileRef = 0A1F60D5287F2D2400951BFE /* OverlayView.swift */; };
		0A1F60DA287F354400951BFE /* Constants.swift in Sources */ = {isa = PBXBuildFile; fileRef = 0A1F60D9287F354400951BFE /* Constants.swift */; };
		0A1F60DC287F4BDB00951BFE /* OverlayTestView.swift in Sources */ = {isa = PBXBuildFile; fileRef = 0A1F60DB287F4BDB00951BFE /* OverlayTestView.swift */; };
		0A1F60DE287F6ECF00951BFE /* ImageHandling.swift in Sources */ = {isa = PBXBuildFile; fileRef = 0A1F60DD287F6ECF00951BFE /* ImageHandling.swift */; };
		0A1F60E0287F7CC000951BFE /* GeoTestView.swift in Sources */ = {isa = PBXBuildFile; fileRef = 0A1F60DF287F7CC000951BFE /* GeoTestView.swift */; };
		0A1F60E22880955C00951BFE /* ClipTestView.swift in Sources */ = {isa = PBXBuildFile; fileRef = 0A1F60E12880955C00951BFE /* ClipTestView.swift */; };
		0ABD003A287CA8480048D919 /* LGBTQ__BannerApp.swift in Sources */ = {isa = PBXBuildFile; fileRef = 0ABD0039287CA8480048D919 /* LGBTQ__BannerApp.swift */; };
		0ABD003C287CA8480048D919 /* ContentView.swift in Sources */ = {isa = PBXBuildFile; fileRef = 0ABD003B287CA8480048D919 /* ContentView.swift */; };
		0ABD003E287CA84A0048D919 /* Assets.xcassets in Resources */ = {isa = PBXBuildFile; fileRef = 0ABD003D287CA84A0048D919 /* Assets.xcassets */; };
		0ABD0041287CA84A0048D919 /* Preview Assets.xcassets in Resources */ = {isa = PBXBuildFile; fileRef = 0ABD0040287CA84A0048D919 /* Preview Assets.xcassets */; };
		0ABD0048287CA9010048D919 /* NavigationBarView.swift in Sources */ = {isa = PBXBuildFile; fileRef = 0ABD0047287CA9010048D919 /* NavigationBarView.swift */; };
		0ABD004B287CC8EF0048D919 /* HomeView.swift in Sources */ = {isa = PBXBuildFile; fileRef = 0ABD004A287CC8EF0048D919 /* HomeView.swift */; };
		0ABD004D287CCF9D0048D919 /* ImageView.swift in Sources */ = {isa = PBXBuildFile; fileRef = 0ABD004C287CCF9D0048D919 /* ImageView.swift */; };
		0ABD004F287CD84F0048D919 /* ReusableView.swift in Sources */ = {isa = PBXBuildFile; fileRef = 0ABD004E287CD84F0048D919 /* ReusableView.swift */; };
		0ABD0093287DF9360048D919 /* ImageUploadView.swift in Sources */ = {isa = PBXBuildFile; fileRef = 0ABD0092287DF9360048D919 /* ImageUploadView.swift */; };
		0ABD0097287E1C300048D919 /* UploadImageBarView.swift in Sources */ = {isa = PBXBuildFile; fileRef = 0ABD0096287E1C300048D919 /* UploadImageBarView.swift */; };
/* End PBXBuildFile section */

/* Begin PBXFileReference section */
		0A1F60D5287F2D2400951BFE /* OverlayView.swift */ = {isa = PBXFileReference; lastKnownFileType = sourcecode.swift; path = OverlayView.swift; sourceTree = "<group>"; };
		0A1F60D9287F354400951BFE /* Constants.swift */ = {isa = PBXFileReference; lastKnownFileType = sourcecode.swift; path = Constants.swift; sourceTree = "<group>"; };
		0A1F60DB287F4BDB00951BFE /* OverlayTestView.swift */ = {isa = PBXFileReference; lastKnownFileType = sourcecode.swift; path = OverlayTestView.swift; sourceTree = "<group>"; };
		0A1F60DD287F6ECF00951BFE /* ImageHandling.swift */ = {isa = PBXFileReference; lastKnownFileType = sourcecode.swift; path = ImageHandling.swift; sourceTree = "<group>"; };
		0A1F60DF287F7CC000951BFE /* GeoTestView.swift */ = {isa = PBXFileReference; lastKnownFileType = sourcecode.swift; path = GeoTestView.swift; sourceTree = "<group>"; };
		0A1F60E12880955C00951BFE /* ClipTestView.swift */ = {isa = PBXFileReference; lastKnownFileType = sourcecode.swift; path = ClipTestView.swift; sourceTree = "<group>"; };
		0ABD0036287CA8480048D919 /* LGBTQ+ Banner.app */ = {isa = PBXFileReference; explicitFileType = wrapper.application; includeInIndex = 0; path = "LGBTQ+ Banner.app"; sourceTree = BUILT_PRODUCTS_DIR; };
		0ABD0039287CA8480048D919 /* LGBTQ__BannerApp.swift */ = {isa = PBXFileReference; lastKnownFileType = sourcecode.swift; path = LGBTQ__BannerApp.swift; sourceTree = "<group>"; };
		0ABD003B287CA8480048D919 /* ContentView.swift */ = {isa = PBXFileReference; lastKnownFileType = sourcecode.swift; path = ContentView.swift; sourceTree = "<group>"; };
		0ABD003D287CA84A0048D919 /* Assets.xcassets */ = {isa = PBXFileReference; lastKnownFileType = folder.assetcatalog; path = Assets.xcassets; sourceTree = "<group>"; };
		0ABD0040287CA84A0048D919 /* Preview Assets.xcassets */ = {isa = PBXFileReference; lastKnownFileType = folder.assetcatalog; path = "Preview Assets.xcassets"; sourceTree = "<group>"; };
		0ABD0047287CA9010048D919 /* NavigationBarView.swift */ = {isa = PBXFileReference; lastKnownFileType = sourcecode.swift; path = NavigationBarView.swift; sourceTree = "<group>"; };
		0ABD004A287CC8EF0048D919 /* HomeView.swift */ = {isa = PBXFileReference; lastKnownFileType = sourcecode.swift; path = HomeView.swift; sourceTree = "<group>"; };
		0ABD004C287CCF9D0048D919 /* ImageView.swift */ = {isa = PBXFileReference; lastKnownFileType = sourcecode.swift; path = ImageView.swift; sourceTree = "<group>"; };
		0ABD004E287CD84F0048D919 /* ReusableView.swift */ = {isa = PBXFileReference; lastKnownFileType = sourcecode.swift; path = ReusableView.swift; sourceTree = "<group>"; };
		0ABD0092287DF9360048D919 /* ImageUploadView.swift */ = {isa = PBXFileReference; lastKnownFileType = sourcecode.swift; path = ImageUploadView.swift; sourceTree = "<group>"; };
		0ABD0096287E1C300048D919 /* UploadImageBarView.swift */ = {isa = PBXFileReference; lastKnownFileType = sourcecode.swift; path = UploadImageBarView.swift; sourceTree = "<group>"; };
/* End PBXFileReference section */

/* Begin PBXFrameworksBuildPhase section */
		0ABD0033287CA8480048D919 /* Frameworks */ = {
			isa = PBXFrameworksBuildPhase;
			buildActionMask = 2147483647;
			files = (
			);
			runOnlyForDeploymentPostprocessing = 0;
		};
/* End PBXFrameworksBuildPhase section */

/* Begin PBXGroup section */
		0ABD002D287CA8480048D919 = {
			isa = PBXGroup;
			children = (
				0ABD0038287CA8480048D919 /* LGBTQ+ Banner */,
				0ABD0037287CA8480048D919 /* Products */,
			);
			sourceTree = "<group>";
		};
		0ABD0037287CA8480048D919 /* Products */ = {
			isa = PBXGroup;
			children = (
				0ABD0036287CA8480048D919 /* LGBTQ+ Banner.app */,
			);
			name = Products;
			sourceTree = "<group>";
		};
		0ABD0038287CA8480048D919 /* LGBTQ+ Banner */ = {
			isa = PBXGroup;
			children = (
				0ABD0039287CA8480048D919 /* LGBTQ__BannerApp.swift */,
				0ABD003B287CA8480048D919 /* ContentView.swift */,
				0ABD0096287E1C300048D919 /* UploadImageBarView.swift */,
				0ABD0049287CA95B0048D919 /* Views */,
				0ABD003D287CA84A0048D919 /* Assets.xcassets */,
				0ABD003F287CA84A0048D919 /* Preview Content */,
				0A1F60D9287F354400951BFE /* Constants.swift */,
				0A1F60DD287F6ECF00951BFE /* ImageHandling.swift */,
			);
			path = "LGBTQ+ Banner";
			sourceTree = "<group>";
		};
		0ABD003F287CA84A0048D919 /* Preview Content */ = {
			isa = PBXGroup;
			children = (
				0ABD0040287CA84A0048D919 /* Preview Assets.xcassets */,
			);
			path = "Preview Content";
			sourceTree = "<group>";
		};
		0ABD0049287CA95B0048D919 /* Views */ = {
			isa = PBXGroup;
			children = (
				0ABD0047287CA9010048D919 /* NavigationBarView.swift */,
				0ABD004A287CC8EF0048D919 /* HomeView.swift */,
				0ABD004C287CCF9D0048D919 /* ImageView.swift */,
				0ABD0092287DF9360048D919 /* ImageUploadView.swift */,
				0ABD004E287CD84F0048D919 /* ReusableView.swift */,
				0A1F60D5287F2D2400951BFE /* OverlayView.swift */,
				0A1F60DF287F7CC000951BFE /* GeoTestView.swift */,
				0A1F60DB287F4BDB00951BFE /* OverlayTestView.swift */,
				0A1F60E12880955C00951BFE /* ClipTestView.swift */,
			);
			path = Views;
			sourceTree = "<group>";
		};
/* End PBXGroup section */

/* Begin PBXNativeTarget section */
		0ABD0035287CA8480048D919 /* LGBTQ+ Banner */ = {
			isa = PBXNativeTarget;
			buildConfigurationList = 0ABD0044287CA84A0048D919 /* Build configuration list for PBXNativeTarget "LGBTQ+ Banner" */;
			buildPhases = (
				0ABD0032287CA8480048D919 /* Sources */,
				0ABD0033287CA8480048D919 /* Frameworks */,
				0ABD0034287CA8480048D919 /* Resources */,
			);
			buildRules = (
			);
			dependencies = (
			);
			name = "LGBTQ+ Banner";
			productName = "LGBTQ+ Banner";
			productReference = 0ABD0036287CA8480048D919 /* LGBTQ+ Banner.app */;
			productType = "com.apple.product-type.application";
		};
/* End PBXNativeTarget section */

/* Begin PBXProject section */
		0ABD002E287CA8480048D919 /* Project object */ = {
			isa = PBXProject;
			attributes = {
				BuildIndependentTargetsInParallel = 1;
				LastSwiftUpdateCheck = 1340;
				LastUpgradeCheck = 1340;
				TargetAttributes = {
					0ABD0035287CA8480048D919 = {
						CreatedOnToolsVersion = 13.4.1;
					};
				};
			};
			buildConfigurationList = 0ABD0031287CA8480048D919 /* Build configuration list for PBXProject "LGBTQ+ Banner" */;
			compatibilityVersion = "Xcode 13.0";
			developmentRegion = en;
			hasScannedForEncodings = 0;
			knownRegions = (
				en,
				Base,
			);
			mainGroup = 0ABD002D287CA8480048D919;
			productRefGroup = 0ABD0037287CA8480048D919 /* Products */;
			projectDirPath = "";
			projectRoot = "";
			targets = (
				0ABD0035287CA8480048D919 /* LGBTQ+ Banner */,
			);
		};
/* End PBXProject section */

/* Begin PBXResourcesBuildPhase section */
		0ABD0034287CA8480048D919 /* Resources */ = {
			isa = PBXResourcesBuildPhase;
			buildActionMask = 2147483647;
			files = (
				0ABD0041287CA84A0048D919 /* Preview Assets.xcassets in Resources */,
				0ABD003E287CA84A0048D919 /* Assets.xcassets in Resources */,
			);
			runOnlyForDeploymentPostprocessing = 0;
		};
/* End PBXResourcesBuildPhase section */

/* Begin PBXSourcesBuildPhase section */
		0ABD0032287CA8480048D919 /* Sources */ = {
			isa = PBXSourcesBuildPhase;
			buildActionMask = 2147483647;
			files = (
				0A1F60D6287F2D2400951BFE /* OverlayView.swift in Sources */,
				0A1F60DC287F4BDB00951BFE /* OverlayTestView.swift in Sources */,
				0A1F60DE287F6ECF00951BFE /* ImageHandling.swift in Sources */,
				0ABD004D287CCF9D0048D919 /* ImageView.swift in Sources */,
				0A1F60E22880955C00951BFE /* ClipTestView.swift in Sources */,
				0A1F60E0287F7CC000951BFE /* GeoTestView.swift in Sources */,
				0ABD003C287CA8480048D919 /* ContentView.swift in Sources */,
				0ABD004B287CC8EF0048D919 /* HomeView.swift in Sources */,
				0ABD0097287E1C300048D919 /* UploadImageBarView.swift in Sources */,
				0A1F60DA287F354400951BFE /* Constants.swift in Sources */,
				0ABD004F287CD84F0048D919 /* ReusableView.swift in Sources */,
				0ABD003A287CA8480048D919 /* LGBTQ__BannerApp.swift in Sources */,
				0ABD0093287DF9360048D919 /* ImageUploadView.swift in Sources */,
				0ABD0048287CA9010048D919 /* NavigationBarView.swift in Sources */,
			);
			runOnlyForDeploymentPostprocessing = 0;
		};
/* End PBXSourcesBuildPhase section */

/* Begin XCBuildConfiguration section */
		0ABD0042287CA84A0048D919 /* Debug */ = {
			isa = XCBuildConfiguration;
			buildSettings = {
				ALWAYS_SEARCH_USER_PATHS = NO;
				CLANG_ANALYZER_NONNULL = YES;
				CLANG_ANALYZER_NUMBER_OBJECT_CONVERSION = YES_AGGRESSIVE;
				CLANG_CXX_LANGUAGE_STANDARD = "gnu++17";
				CLANG_ENABLE_MODULES = YES;
				CLANG_ENABLE_OBJC_ARC = YES;
				CLANG_ENABLE_OBJC_WEAK = YES;
				CLANG_WARN_BLOCK_CAPTURE_AUTORELEASING = YES;
				CLANG_WARN_BOOL_CONVERSION = YES;
				CLANG_WARN_COMMA = YES;
				CLANG_WARN_CONSTANT_CONVERSION = YES;
				CLANG_WARN_DEPRECATED_OBJC_IMPLEMENTATIONS = YES;
				CLANG_WARN_DIRECT_OBJC_ISA_USAGE = YES_ERROR;
				CLANG_WARN_DOCUMENTATION_COMMENTS = YES;
				CLANG_WARN_EMPTY_BODY = YES;
				CLANG_WARN_ENUM_CONVERSION = YES;
				CLANG_WARN_INFINITE_RECURSION = YES;
				CLANG_WARN_INT_CONVERSION = YES;
				CLANG_WARN_NON_LITERAL_NULL_CONVERSION = YES;
				CLANG_WARN_OBJC_IMPLICIT_RETAIN_SELF = YES;
				CLANG_WARN_OBJC_LITERAL_CONVERSION = YES;
				CLANG_WARN_OBJC_ROOT_CLASS = YES_ERROR;
				CLANG_WARN_QUOTED_INCLUDE_IN_FRAMEWORK_HEADER = YES;
				CLANG_WARN_RANGE_LOOP_ANALYSIS = YES;
				CLANG_WARN_STRICT_PROTOTYPES = YES;
				CLANG_WARN_SUSPICIOUS_MOVE = YES;
				CLANG_WARN_UNGUARDED_AVAILABILITY = YES_AGGRESSIVE;
				CLANG_WARN_UNREACHABLE_CODE = YES;
				CLANG_WARN__DUPLICATE_METHOD_MATCH = YES;
				COPY_PHASE_STRIP = NO;
				DEBUG_INFORMATION_FORMAT = dwarf;
				ENABLE_STRICT_OBJC_MSGSEND = YES;
				ENABLE_TESTABILITY = YES;
				GCC_C_LANGUAGE_STANDARD = gnu11;
				GCC_DYNAMIC_NO_PIC = NO;
				GCC_NO_COMMON_BLOCKS = YES;
				GCC_OPTIMIZATION_LEVEL = 0;
				GCC_PREPROCESSOR_DEFINITIONS = (
					"DEBUG=1",
					"$(inherited)",
				);
				GCC_WARN_64_TO_32_BIT_CONVERSION = YES;
				GCC_WARN_ABOUT_RETURN_TYPE = YES_ERROR;
				GCC_WARN_UNDECLARED_SELECTOR = YES;
				GCC_WARN_UNINITIALIZED_AUTOS = YES_AGGRESSIVE;
				GCC_WARN_UNUSED_FUNCTION = YES;
				GCC_WARN_UNUSED_VARIABLE = YES;
				IPHONEOS_DEPLOYMENT_TARGET = 15.5;
				MTL_ENABLE_DEBUG_INFO = INCLUDE_SOURCE;
				MTL_FAST_MATH = YES;
				ONLY_ACTIVE_ARCH = YES;
				SDKROOT = iphoneos;
				SWIFT_ACTIVE_COMPILATION_CONDITIONS = DEBUG;
				SWIFT_OPTIMIZATION_LEVEL = "-Onone";
			};
			name = Debug;
		};
		0ABD0043287CA84A0048D919 /* Release */ = {
			isa = XCBuildConfiguration;
			buildSettings = {
				ALWAYS_SEARCH_USER_PATHS = NO;
				CLANG_ANALYZER_NONNULL = YES;
				CLANG_ANALYZER_NUMBER_OBJECT_CONVERSION = YES_AGGRESSIVE;
				CLANG_CXX_LANGUAGE_STANDARD = "gnu++17";
				CLANG_ENABLE_MODULES = YES;
				CLANG_ENABLE_OBJC_ARC = YES;
				CLANG_ENABLE_OBJC_WEAK = YES;
				CLANG_WARN_BLOCK_CAPTURE_AUTORELEASING = YES;
				CLANG_WARN_BOOL_CONVERSION = YES;
				CLANG_WARN_COMMA = YES;
				CLANG_WARN_CONSTANT_CONVERSION = YES;
				CLANG_WARN_DEPRECATED_OBJC_IMPLEMENTATIONS = YES;
				CLANG_WARN_DIRECT_OBJC_ISA_USAGE = YES_ERROR;
				CLANG_WARN_DOCUMENTATION_COMMENTS = YES;
				CLANG_WARN_EMPTY_BODY = YES;
				CLANG_WARN_ENUM_CONVERSION = YES;
				CLANG_WARN_INFINITE_RECURSION = YES;
				CLANG_WARN_INT_CONVERSION = YES;
				CLANG_WARN_NON_LITERAL_NULL_CONVERSION = YES;
				CLANG_WARN_OBJC_IMPLICIT_RETAIN_SELF = YES;
				CLANG_WARN_OBJC_LITERAL_CONVERSION = YES;
				CLANG_WARN_OBJC_ROOT_CLASS = YES_ERROR;
				CLANG_WARN_QUOTED_INCLUDE_IN_FRAMEWORK_HEADER = YES;
				CLANG_WARN_RANGE_LOOP_ANALYSIS = YES;
				CLANG_WARN_STRICT_PROTOTYPES = YES;
				CLANG_WARN_SUSPICIOUS_MOVE = YES;
				CLANG_WARN_UNGUARDED_AVAILABILITY = YES_AGGRESSIVE;
				CLANG_WARN_UNREACHABLE_CODE = YES;
				CLANG_WARN__DUPLICATE_METHOD_MATCH = YES;
				COPY_PHASE_STRIP = NO;
				DEBUG_INFORMATION_FORMAT = "dwarf-with-dsym";
				ENABLE_NS_ASSERTIONS = NO;
				ENABLE_STRICT_OBJC_MSGSEND = YES;
				GCC_C_LANGUAGE_STANDARD = gnu11;
				GCC_NO_COMMON_BLOCKS = YES;
				GCC_WARN_64_TO_32_BIT_CONVERSION = YES;
				GCC_WARN_ABOUT_RETURN_TYPE = YES_ERROR;
				GCC_WARN_UNDECLARED_SELECTOR = YES;
				GCC_WARN_UNINITIALIZED_AUTOS = YES_AGGRESSIVE;
				GCC_WARN_UNUSED_FUNCTION = YES;
				GCC_WARN_UNUSED_VARIABLE = YES;
				IPHONEOS_DEPLOYMENT_TARGET = 15.5;
				MTL_ENABLE_DEBUG_INFO = NO;
				MTL_FAST_MATH = YES;
				SDKROOT = iphoneos;
				SWIFT_COMPILATION_MODE = wholemodule;
				SWIFT_OPTIMIZATION_LEVEL = "-O";
				VALIDATE_PRODUCT = YES;
			};
			name = Release;
		};
		0ABD0045287CA84A0048D919 /* Debug */ = {
			isa = XCBuildConfiguration;
			buildSettings = {
				ASSETCATALOG_COMPILER_APPICON_NAME = AppIcon;
				ASSETCATALOG_COMPILER_GLOBAL_ACCENT_COLOR_NAME = AccentColor;
				CODE_SIGN_STYLE = Automatic;
				CURRENT_PROJECT_VERSION = 1;
				DEVELOPMENT_ASSET_PATHS = "\"LGBTQ+ Banner/Preview Content\"";
				DEVELOPMENT_TEAM = 9RLLX77LQX;
				ENABLE_PREVIEWS = YES;
				GENERATE_INFOPLIST_FILE = YES;
				INFOPLIST_KEY_LSApplicationCategoryType = "";
				INFOPLIST_KEY_NSCameraUsageDescription = "Used to capture an image for your profile picture";
				INFOPLIST_KEY_NSPhotoLibraryAddUsageDescription = "";
				INFOPLIST_KEY_UIApplicationSceneManifest_Generation = YES;
				INFOPLIST_KEY_UIApplicationSupportsIndirectInputEvents = YES;
				INFOPLIST_KEY_UILaunchScreen_Generation = YES;
				INFOPLIST_KEY_UISupportedInterfaceOrientations_iPad = "UIInterfaceOrientationPortrait UIInterfaceOrientationPortraitUpsideDown UIInterfaceOrientationLandscapeLeft UIInterfaceOrientationLandscapeRight";
				INFOPLIST_KEY_UISupportedInterfaceOrientations_iPhone = "UIInterfaceOrientationPortrait UIInterfaceOrientationLandscapeLeft UIInterfaceOrientationLandscapeRight";
				LD_RUNPATH_SEARCH_PATHS = (
					"$(inherited)",
					"@executable_path/Frameworks",
				);
				MARKETING_VERSION = 1.0;
				PRODUCT_BUNDLE_IDENTIFIER = "com.KevinCooper.LGBTQ--Banner";
				PRODUCT_NAME = "$(TARGET_NAME)";
				SWIFT_EMIT_LOC_STRINGS = YES;
				SWIFT_VERSION = 5.0;
				TARGETED_DEVICE_FAMILY = "1,2";
			};
			name = Debug;
		};
		0ABD0046287CA84A0048D919 /* Release */ = {
			isa = XCBuildConfiguration;
			buildSettings = {
				ASSETCATALOG_COMPILER_APPICON_NAME = AppIcon;
				ASSETCATALOG_COMPILER_GLOBAL_ACCENT_COLOR_NAME = AccentColor;
				CODE_SIGN_STYLE = Automatic;
				CURRENT_PROJECT_VERSION = 1;
				DEVELOPMENT_ASSET_PATHS = "\"LGBTQ+ Banner/Preview Content\"";
				DEVELOPMENT_TEAM = 9RLLX77LQX;
				ENABLE_PREVIEWS = YES;
				GENERATE_INFOPLIST_FILE = YES;
				INFOPLIST_KEY_LSApplicationCategoryType = "";
				INFOPLIST_KEY_NSCameraUsageDescription = "Used to capture an image for your profile picture";
				INFOPLIST_KEY_NSPhotoLibraryAddUsageDescription = "";
				INFOPLIST_KEY_UIApplicationSceneManifest_Generation = YES;
				INFOPLIST_KEY_UIApplicationSupportsIndirectInputEvents = YES;
				INFOPLIST_KEY_UILaunchScreen_Generation = YES;
				INFOPLIST_KEY_UISupportedInterfaceOrientations_iPad = "UIInterfaceOrientationPortrait UIInterfaceOrientationPortraitUpsideDown UIInterfaceOrientationLandscapeLeft UIInterfaceOrientationLandscapeRight";
				INFOPLIST_KEY_UISupportedInterfaceOrientations_iPhone = "UIInterfaceOrientationPortrait UIInterfaceOrientationLandscapeLeft UIInterfaceOrientationLandscapeRight";
				LD_RUNPATH_SEARCH_PATHS = (
					"$(inherited)",
					"@executable_path/Frameworks",
				);
				MARKETING_VERSION = 1.0;
				PRODUCT_BUNDLE_IDENTIFIER = "com.KevinCooper.LGBTQ--Banner";
				PRODUCT_NAME = "$(TARGET_NAME)";
				SWIFT_EMIT_LOC_STRINGS = YES;
				SWIFT_VERSION = 5.0;
				TARGETED_DEVICE_FAMILY = "1,2";
			};
			name = Release;
		};
/* End XCBuildConfiguration section */

/* Begin XCConfigurationList section */
		0ABD0031287CA8480048D919 /* Build configuration list for PBXProject "LGBTQ+ Banner" */ = {
			isa = XCConfigurationList;
			buildConfigurations = (
				0ABD0042287CA84A0048D919 /* Debug */,
				0ABD0043287CA84A0048D919 /* Release */,
			);
			defaultConfigurationIsVisible = 0;
			defaultConfigurationName = Release;
		};
		0ABD0044287CA84A0048D919 /* Build configuration list for PBXNativeTarget "LGBTQ+ Banner" */ = {
			isa = XCConfigurationList;
			buildConfigurations = (
				0ABD0045287CA84A0048D919 /* Debug */,
				0ABD0046287CA84A0048D919 /* Release */,
			);
			defaultConfigurationIsVisible = 0;
			defaultConfigurationName = Release;
		};
/* End XCConfigurationList section */
	};
	rootObject = 0ABD002E287CA8480048D919 /* Project object */;
}
